
Microsoft Visual Studio Solution File, Format Version 12.00
# Visual Studio Version 17
VisualStudioVersion = 17.8.34330.188
MinimumVisualStudioVersion = 10.0.40219.1
Project("{FAE04EC0-301F-11D3-BF4B-00C04F79EFBC}") = "QLPT", "QLPT\QLPT.csproj", "{F13D42EA-9410-4185-BD3D-F8B697B93BD3}"
EndProject
Global
	GlobalSection(SolutionConfigurationPlatforms) = preSolution
		Debug|Any CPU = Debug|Any CPU
		Release|Any CPU = Release|Any CPU
	EndGlobalSection
	GlobalSection(ProjectConfigurationPlatforms) = postSolution
		{F13D42EA-9410-4185-BD3D-F8B697B93BD3}.Debug|Any CPU.ActiveCfg = Debug|Any CPU
		{F13D42EA-9410-4185-BD3D-F8B697B93BD3}.Debug|Any CPU.Build.0 = Debug|Any CPU
		{F13D42EA-9410-4185-BD3D-F8B697B93BD3}.Release|Any CPU.ActiveCfg = Release|Any CPU
		{F13D42EA-9410-4185-BD3D-F8B697B93BD3}.Release|Any CPU.Build.0 = Release|Any CPU
	EndGlobalSection
	GlobalSection(SolutionProperties) = preSolution
		HideSolutionNode = FALSE
	EndGlobalSection
	GlobalSection(ExtensibilityGlobals) = postSolution
		SolutionGuid = {B30271FB-9B57-4040-A2B6-C242A6053E51}
	EndGlobalSection
EndGlobal
